<?xml version="1.0" encoding="utf-8"?>
<Project ToolsVersion="4.0" xmlns="http://schemas.microsoft.com/developer/msbuild/2003">
  <ItemGroup>
    <Filter Include="소스 파일">
      <UniqueIdentifier>{4FC737F1-C7A5-4376-A066-2A32D752A2FF}</UniqueIdentifier>
      <Extensions>cpp;c;cc;cxx;def;odl;idl;hpj;bat;asm;asmx</Extensions>
    </Filter>
    <Filter Include="헤더 파일">
      <UniqueIdentifier>{93995380-89BD-4b04-88EB-625FBE52EBFB}</UniqueIdentifier>
      <Extensions>h;hh;hpp;hxx;hm;inl;inc;xsd</Extensions>
    </Filter>
    <Filter Include="리소스 파일">
      <UniqueIdentifier>{67DA6AB6-F800-4c08-8B7A-83BB121AAD01}</UniqueIdentifier>
      <Extensions>rc;ico;cur;bmp;dlg;rc2;rct;bin;rgs;gif;jpg;jpeg;jpe;resx;tiff;tif;png;wav;mfcribbon-ms</Extensions>
    </Filter>
    <Filter Include="FMM">
      <UniqueIdentifier>{da545082-69b7-4662-ae73-253add18550c}</UniqueIdentifier>
    </Filter>
    <Filter Include="TRW-S">
      <UniqueIdentifier>{75291e5e-8a58-4e13-b651-81397ce50dc0}</UniqueIdentifier>
    </Filter>
    <Filter Include="Frangi">
      <UniqueIdentifier>{0d974f82-6271-4070-aab6-cb79356b70a3}</UniqueIdentifier>
    </Filter>
  </ItemGroup>
  <ItemGroup>
    <ClInclude Include="std_include.h">
      <Filter>헤더 파일</Filter>
    </ClInclude>
    <ClInclude Include="TRW_S-v1.3\typeTruncatedLinear.h">
      <Filter>TRW-S</Filter>
    </ClInclude>
    <ClInclude Include="TRW_S-v1.3\typeTruncatedLinear2D.h">
      <Filter>TRW-S</Filter>
    </ClInclude>
    <ClInclude Include="TRW_S-v1.3\typeTruncatedQuadratic2D.h">
      <Filter>TRW-S</Filter>
    </ClInclude>
    <ClInclude Include="TRW_S-v1.3\typeTruncatedQuadratic.h">
      <Filter>TRW-S</Filter>
    </ClInclude>
    <ClInclude Include="TRW_S-v1.3\typeBinary.h">
      <Filter>TRW-S</Filter>
    </ClInclude>
    <ClInclude Include="TRW_S-v1.3\typeBinaryFast.h">
      <Filter>TRW-S</Filter>
    </ClInclude>
    <ClInclude Include="TRW_S-v1.3\typeGeneral.h">
      <Filter>TRW-S</Filter>
    </ClInclude>
    <ClInclude Include="TRW_S-v1.3\typePotts.h">
      <Filter>TRW-S</Filter>
    </ClInclude>
    <ClInclude Include="TRW_S-v1.3\MRFEnergy.h">
      <Filter>TRW-S</Filter>
    </ClInclude>
    <ClInclude Include="TRW_S-v1.3\instances.h">
      <Filter>TRW-S</Filter>
    </ClInclude>
    <ClInclude Include="frangi\frangi.h">
      <Filter>Frangi</Filter>
    </ClInclude>
    <ClInclude Include="ChamferMatching.h">
      <Filter>헤더 파일</Filter>
    </ClInclude>
    <ClInclude Include="Geodesic.h">
      <Filter>헤더 파일</Filter>
    </ClInclude>
    <ClInclude Include="VCO.h">
      <Filter>헤더 파일</Filter>
    </ClInclude>
    <ClInclude Include="P2pMatching.h">
      <Filter>헤더 파일</Filter>
    </ClInclude>
    <ClInclude Include="FrangiFilter.h">
      <Filter>Frangi</Filter>
    </ClInclude>
    <ClInclude Include="FastMarching.h">
      <Filter>FMM</Filter>
    </ClInclude>
    <ClInclude Include="VCOParams.h">
      <Filter>헤더 파일</Filter>
    </ClInclude>
    <ClInclude Include="GC\gcgraph.hpp">
      <Filter>헤더 파일</Filter>
    </ClInclude>
  </ItemGroup>
  <ItemGroup>
    <ClCompile Include="TRW_S-v1.3\treeProbabilities.cpp">
      <Filter>TRW-S</Filter>
    </ClCompile>
    <ClCompile Include="TRW_S-v1.3\MRFEnergy.cpp">
      <Filter>TRW-S</Filter>
    </ClCompile>
    <ClCompile Include="TRW_S-v1.3\minimize.cpp">
      <Filter>TRW-S</Filter>
    </ClCompile>
    <ClCompile Include="TRW_S-v1.3\ordering.cpp">
      <Filter>TRW-S</Filter>
    </ClCompile>
    <ClCompile Include="frangi\frangi.cpp">
      <Filter>Frangi</Filter>
    </ClCompile>
    <ClCompile Include="fast_marching2\fheap\fib.cpp">
      <Filter>FMM</Filter>
    </ClCompile>
    <ClCompile Include="fast_marching2\perform_front_propagation_2d_addpd.cpp">
      <Filter>FMM</Filter>
    </ClCompile>
    <ClCompile Include="ChamferMatching.cpp">
      <Filter>소스 파일</Filter>
    </ClCompile>
    <ClCompile Include="Geodesic.cpp">
      <Filter>소스 파일</Filter>
    </ClCompile>
    <ClCompile Include="VCO.cpp">
      <Filter>소스 파일</Filter>
    </ClCompile>
    <ClCompile Include="P2pMatching.cpp">
      <Filter>소스 파일</Filter>
    </ClCompile>
    <ClCompile Include="FastMarching.cpp">
      <Filter>FMM</Filter>
    </ClCompile>
    <ClCompile Include="FrangiFilter.cpp">
      <Filter>Frangi</Filter>
    </ClCompile>
    <ClCompile Include="VCOParams.cpp">
      <Filter>소스 파일</Filter>
    </ClCompile>
    <ClCompile Include="VesCL2Segm.cpp">
      <Filter>소스 파일</Filter>
    </ClCompile>
  </ItemGroup>
</Project>